
Microsoft Visual Studio Solution File, Format Version 11.00
# Visual Studio 2010
Project("{8BC9CEB8-8B4A-11D0-8D11-00A0C91BC942}") = "An employee records system 1", "An employee records system 1\An employee records system 1.vcxproj", "{EAA3273B-6B52-457F-856E-6A29FA36C059}"
EndProject
Global
	GlobalSection(SolutionConfigurationPlatforms) = preSolution
		Debug|Win32 = Debug|Win32
		Release|Win32 = Release|Win32
	EndGlobalSection
	GlobalSection(ProjectConfigurationPlatforms) = postSolution
		{EAA3273B-6B52-457F-856E-6A29FA36C059}.Debug|Win32.ActiveCfg = Debug|Win32
		{EAA3273B-6B52-457F-856E-6A29FA36C059}.Debug|Win32.Build.0 = Debug|Win32
		{EAA3273B-6B52-457F-856E-6A29FA36C059}.Release|Win32.ActiveCfg = Release|Win32
		{EAA3273B-6B52-457F-856E-6A29FA36C059}.Release|Win32.Build.0 = Release|Win32
	EndGlobalSection
	GlobalSection(SolutionProperties) = preSolution
		HideSolutionNode = FALSE
	EndGlobalSection
EndGlobal
